
Microsoft Visual Studio Solution File, Format Version 12.00
# Visual Studio Version 16
VisualStudioVersion = 16.0.30611.23
MinimumVisualStudioVersion = 10.0.40219.1
Project("{FAE04EC0-301F-11D3-BF4B-00C04F79EFBC}") = "ActivationControls4Win", "Core\ActivationControls4Win\ActivationControls4Win.csproj", "{DDF06EAC-02DF-4BDA-A883-98B856BC1765}"
EndProject
Project("{FAE04EC0-301F-11D3-BF4B-00C04F79EFBC}") = "DemoWinFormApp", "Demo\DemoWinFormApp\DemoWinFormApp.csproj", "{01F6D760-D0D5-45CB-B730-AFBAF298C7D1}"
EndProject
Project("{FAE04EC0-301F-11D3-BF4B-00C04F79EFBC}") = "DemoActivationTool", "Demo\DemoActivationTool\DemoActivationTool.csproj", "{7E6FF8AE-63E9-4BB2-9ACE-7580CE229F65}"
EndProject
Project("{2150E333-8FDC-42A3-9474-1A3956D46DE8}") = "Core", "Core", "{036B2D67-D093-4477-ABC6-4902676A79B2}"
EndProject
Project("{2150E333-8FDC-42A3-9474-1A3956D46DE8}") = "Demo", "Demo", "{9461EE4C-58DE-49DC-B363-46C0705BEF74}"
EndProject
Project("{FAE04EC0-301F-11D3-BF4B-00C04F79EFBC}") = "DemoLicense", "Demo\DemoLicense\DemoLicense.csproj", "{9F0BD6DF-F288-451B-828E-6431E5441DB8}"
EndProject
Project("{FAE04EC0-301F-11D3-BF4B-00C04F79EFBC}") = "ActivationControls4Wpf", "Core\ActivationControls4Wpf\ActivationControls4Wpf.csproj", "{8650B5B4-754B-4B77-A26F-08466854BE3A}"
EndProject
Project("{2150E333-8FDC-42A3-9474-1A3956D46DE8}") = "NetCore", "NetCore", "{DB72CF5A-45E5-4A7C-A395-3B68B8BA619D}"
EndProject
Project("{9A19103F-16F7-4668-BE54-9A1E7A4F7556}") = "ActivationControls4WpfNetCore", "ActivationControls4WpfNetCore\ActivationControls4WpfNetCore.csproj", "{8EEC7129-346F-4185-8377-7D2AAB6F0C74}"
EndProject
Project("{2150E333-8FDC-42A3-9474-1A3956D46DE8}") = "NetFramework", "NetFramework", "{224C802F-115C-4CD0-BB09-CEFACCA9146D}"
EndProject
Project("{2150E333-8FDC-42A3-9474-1A3956D46DE8}") = "NetFramework", "NetFramework", "{F689C455-14DE-4741-8094-36A996392A83}"
EndProject
Project("{9A19103F-16F7-4668-BE54-9A1E7A4F7556}") = "QLicenseNetStandart", "QLicenseNetStandart\QLicenseNetStandart.csproj", "{F0F96842-41D4-41E0-8FEA-26DF80BD5D35}"
EndProject
Global
	GlobalSection(SolutionConfigurationPlatforms) = preSolution
		Debug|Any CPU = Debug|Any CPU
		Release|Any CPU = Release|Any CPU
	EndGlobalSection
	GlobalSection(ProjectConfigurationPlatforms) = postSolution
		{DDF06EAC-02DF-4BDA-A883-98B856BC1765}.Debug|Any CPU.ActiveCfg = Debug|Any CPU
		{DDF06EAC-02DF-4BDA-A883-98B856BC1765}.Debug|Any CPU.Build.0 = Debug|Any CPU
		{DDF06EAC-02DF-4BDA-A883-98B856BC1765}.Release|Any CPU.ActiveCfg = Release|Any CPU
		{DDF06EAC-02DF-4BDA-A883-98B856BC1765}.Release|Any CPU.Build.0 = Release|Any CPU
		{01F6D760-D0D5-45CB-B730-AFBAF298C7D1}.Debug|Any CPU.ActiveCfg = Debug|Any CPU
		{01F6D760-D0D5-45CB-B730-AFBAF298C7D1}.Debug|Any CPU.Build.0 = Debug|Any CPU
		{01F6D760-D0D5-45CB-B730-AFBAF298C7D1}.Release|Any CPU.ActiveCfg = Release|Any CPU
		{01F6D760-D0D5-45CB-B730-AFBAF298C7D1}.Release|Any CPU.Build.0 = Release|Any CPU
		{7E6FF8AE-63E9-4BB2-9ACE-7580CE229F65}.Debug|Any CPU.ActiveCfg = Debug|Any CPU
		{7E6FF8AE-63E9-4BB2-9ACE-7580CE229F65}.Debug|Any CPU.Build.0 = Debug|Any CPU
		{7E6FF8AE-63E9-4BB2-9ACE-7580CE229F65}.Release|Any CPU.ActiveCfg = Release|Any CPU
		{7E6FF8AE-63E9-4BB2-9ACE-7580CE229F65}.Release|Any CPU.Build.0 = Release|Any CPU
		{9F0BD6DF-F288-451B-828E-6431E5441DB8}.Debug|Any CPU.ActiveCfg = Debug|Any CPU
		{9F0BD6DF-F288-451B-828E-6431E5441DB8}.Debug|Any CPU.Build.0 = Debug|Any CPU
		{9F0BD6DF-F288-451B-828E-6431E5441DB8}.Release|Any CPU.ActiveCfg = Release|Any CPU
		{9F0BD6DF-F288-451B-828E-6431E5441DB8}.Release|Any CPU.Build.0 = Release|Any CPU
		{8650B5B4-754B-4B77-A26F-08466854BE3A}.Debug|Any CPU.ActiveCfg = Debug|Any CPU
		{8650B5B4-754B-4B77-A26F-08466854BE3A}.Debug|Any CPU.Build.0 = Debug|Any CPU
		{8650B5B4-754B-4B77-A26F-08466854BE3A}.Release|Any CPU.ActiveCfg = Release|Any CPU
		{8650B5B4-754B-4B77-A26F-08466854BE3A}.Release|Any CPU.Build.0 = Release|Any CPU
		{8EEC7129-346F-4185-8377-7D2AAB6F0C74}.Debug|Any CPU.ActiveCfg = Debug|Any CPU
		{8EEC7129-346F-4185-8377-7D2AAB6F0C74}.Debug|Any CPU.Build.0 = Debug|Any CPU
		{8EEC7129-346F-4185-8377-7D2AAB6F0C74}.Release|Any CPU.ActiveCfg = Release|Any CPU
		{8EEC7129-346F-4185-8377-7D2AAB6F0C74}.Release|Any CPU.Build.0 = Release|Any CPU
		{F0F96842-41D4-41E0-8FEA-26DF80BD5D35}.Debug|Any CPU.ActiveCfg = Debug|Any CPU
		{F0F96842-41D4-41E0-8FEA-26DF80BD5D35}.Debug|Any CPU.Build.0 = Debug|Any CPU
		{F0F96842-41D4-41E0-8FEA-26DF80BD5D35}.Release|Any CPU.ActiveCfg = Release|Any CPU
		{F0F96842-41D4-41E0-8FEA-26DF80BD5D35}.Release|Any CPU.Build.0 = Release|Any CPU
	EndGlobalSection
	GlobalSection(SolutionProperties) = preSolution
		HideSolutionNode = FALSE
	EndGlobalSection
	GlobalSection(NestedProjects) = preSolution
		{DDF06EAC-02DF-4BDA-A883-98B856BC1765} = {224C802F-115C-4CD0-BB09-CEFACCA9146D}
		{01F6D760-D0D5-45CB-B730-AFBAF298C7D1} = {F689C455-14DE-4741-8094-36A996392A83}
		{7E6FF8AE-63E9-4BB2-9ACE-7580CE229F65} = {F689C455-14DE-4741-8094-36A996392A83}
		{9F0BD6DF-F288-451B-828E-6431E5441DB8} = {F689C455-14DE-4741-8094-36A996392A83}
		{8650B5B4-754B-4B77-A26F-08466854BE3A} = {224C802F-115C-4CD0-BB09-CEFACCA9146D}
		{DB72CF5A-45E5-4A7C-A395-3B68B8BA619D} = {036B2D67-D093-4477-ABC6-4902676A79B2}
		{8EEC7129-346F-4185-8377-7D2AAB6F0C74} = {DB72CF5A-45E5-4A7C-A395-3B68B8BA619D}
		{224C802F-115C-4CD0-BB09-CEFACCA9146D} = {036B2D67-D093-4477-ABC6-4902676A79B2}
		{F689C455-14DE-4741-8094-36A996392A83} = {9461EE4C-58DE-49DC-B363-46C0705BEF74}
		{F0F96842-41D4-41E0-8FEA-26DF80BD5D35} = {036B2D67-D093-4477-ABC6-4902676A79B2}
	EndGlobalSection
	GlobalSection(ExtensibilityGlobals) = postSolution
		SolutionGuid = {3B064176-8F6A-499C-8A20-77BF102CD086}
	EndGlobalSection
EndGlobal
